
Microsoft Visual Studio Solution File, Format Version 12.00
# Visual Studio Version 16
VisualStudioVersion = 16.0.29318.209
MinimumVisualStudioVersion = 10.0.40219.1
Project("{FAE04EC0-301F-11D3-BF4B-00C04F79EFBC}") = "TestXamarinForms_RemainingItems.Android", "TestXamarinForms_RemainingItems.Android\TestXamarinForms_RemainingItems.Android.csproj", "{FAD41C8D-D6C7-40AA-96B4-2A834CF34403}"
EndProject
Project("{FAE04EC0-301F-11D3-BF4B-00C04F79EFBC}") = "TestXamarinForms_RemainingItems.iOS", "TestXamarinForms_RemainingItems.iOS\TestXamarinForms_RemainingItems.iOS.csproj", "{4CAF9F42-70DD-48EE-B2F2-8A083F1F3D7C}"
EndProject
Project("{FAE04EC0-301F-11D3-BF4B-00C04F79EFBC}") = "TestXamarinForms_RemainingItems", "TestXamarinForms_RemainingItems\TestXamarinForms_RemainingItems.csproj", "{AEB7E7AC-8733-42A8-923F-26F1387F15D6}"
EndProject
Global
	GlobalSection(SolutionConfigurationPlatforms) = preSolution
		Debug|Any CPU = Debug|Any CPU
		Debug|iPhone = Debug|iPhone
		Debug|iPhoneSimulator = Debug|iPhoneSimulator
		Release|Any CPU = Release|Any CPU
		Release|iPhone = Release|iPhone
		Release|iPhoneSimulator = Release|iPhoneSimulator
	EndGlobalSection
	GlobalSection(ProjectConfigurationPlatforms) = postSolution
		{FAD41C8D-D6C7-40AA-96B4-2A834CF34403}.Debug|Any CPU.ActiveCfg = Debug|Any CPU
		{FAD41C8D-D6C7-40AA-96B4-2A834CF34403}.Debug|Any CPU.Build.0 = Debug|Any CPU
		{FAD41C8D-D6C7-40AA-96B4-2A834CF34403}.Debug|Any CPU.Deploy.0 = Debug|Any CPU
		{FAD41C8D-D6C7-40AA-96B4-2A834CF34403}.Debug|iPhone.ActiveCfg = Debug|Any CPU
		{FAD41C8D-D6C7-40AA-96B4-2A834CF34403}.Debug|iPhone.Build.0 = Debug|Any CPU
		{FAD41C8D-D6C7-40AA-96B4-2A834CF34403}.Debug|iPhone.Deploy.0 = Debug|Any CPU
		{FAD41C8D-D6C7-40AA-96B4-2A834CF34403}.Debug|iPhoneSimulator.ActiveCfg = Debug|Any CPU
		{FAD41C8D-D6C7-40AA-96B4-2A834CF34403}.Debug|iPhoneSimulator.Build.0 = Debug|Any CPU
		{FAD41C8D-D6C7-40AA-96B4-2A834CF34403}.Debug|iPhoneSimulator.Deploy.0 = Debug|Any CPU
		{FAD41C8D-D6C7-40AA-96B4-2A834CF34403}.Release|Any CPU.ActiveCfg = Release|Any CPU
		{FAD41C8D-D6C7-40AA-96B4-2A834CF34403}.Release|Any CPU.Build.0 = Release|Any CPU
		{FAD41C8D-D6C7-40AA-96B4-2A834CF34403}.Release|Any CPU.Deploy.0 = Release|Any CPU
		{FAD41C8D-D6C7-40AA-96B4-2A834CF34403}.Release|iPhone.ActiveCfg = Release|Any CPU
		{FAD41C8D-D6C7-40AA-96B4-2A834CF34403}.Release|iPhone.Build.0 = Release|Any CPU
		{FAD41C8D-D6C7-40AA-96B4-2A834CF34403}.Release|iPhone.Deploy.0 = Release|Any CPU
		{FAD41C8D-D6C7-40AA-96B4-2A834CF34403}.Release|iPhoneSimulator.ActiveCfg = Release|Any CPU
		{FAD41C8D-D6C7-40AA-96B4-2A834CF34403}.Release|iPhoneSimulator.Build.0 = Release|Any CPU
		{FAD41C8D-D6C7-40AA-96B4-2A834CF34403}.Release|iPhoneSimulator.Deploy.0 = Release|Any CPU
		{4CAF9F42-70DD-48EE-B2F2-8A083F1F3D7C}.Debug|Any CPU.ActiveCfg = Debug|iPhoneSimulator
		{4CAF9F42-70DD-48EE-B2F2-8A083F1F3D7C}.Debug|Any CPU.Build.0 = Debug|iPhoneSimulator
		{4CAF9F42-70DD-48EE-B2F2-8A083F1F3D7C}.Debug|Any CPU.Deploy.0 = Debug|iPhoneSimulator
		{4CAF9F42-70DD-48EE-B2F2-8A083F1F3D7C}.Debug|iPhone.ActiveCfg = Debug|iPhone
		{4CAF9F42-70DD-48EE-B2F2-8A083F1F3D7C}.Debug|iPhone.Build.0 = Debug|iPhone
		{4CAF9F42-70DD-48EE-B2F2-8A083F1F3D7C}.Debug|iPhone.Deploy.0 = Debug|iPhone
		{4CAF9F42-70DD-48EE-B2F2-8A083F1F3D7C}.Debug|iPhoneSimulator.ActiveCfg = Debug|iPhoneSimulator
		{4CAF9F42-70DD-48EE-B2F2-8A083F1F3D7C}.Debug|iPhoneSimulator.Build.0 = Debug|iPhoneSimulator
		{4CAF9F42-70DD-48EE-B2F2-8A083F1F3D7C}.Debug|iPhoneSimulator.Deploy.0 = Debug|iPhoneSimulator
		{4CAF9F42-70DD-48EE-B2F2-8A083F1F3D7C}.Release|Any CPU.ActiveCfg = Release|iPhone
		{4CAF9F42-70DD-48EE-B2F2-8A083F1F3D7C}.Release|Any CPU.Build.0 = Release|iPhone
		{4CAF9F42-70DD-48EE-B2F2-8A083F1F3D7C}.Release|Any CPU.Deploy.0 = Release|iPhone
		{4CAF9F42-70DD-48EE-B2F2-8A083F1F3D7C}.Release|iPhone.ActiveCfg = Release|iPhone
		{4CAF9F42-70DD-48EE-B2F2-8A083F1F3D7C}.Release|iPhone.Build.0 = Release|iPhone
		{4CAF9F42-70DD-48EE-B2F2-8A083F1F3D7C}.Release|iPhone.Deploy.0 = Release|iPhone
		{4CAF9F42-70DD-48EE-B2F2-8A083F1F3D7C}.Release|iPhoneSimulator.ActiveCfg = Release|iPhoneSimulator
		{4CAF9F42-70DD-48EE-B2F2-8A083F1F3D7C}.Release|iPhoneSimulator.Build.0 = Release|iPhoneSimulator
		{4CAF9F42-70DD-48EE-B2F2-8A083F1F3D7C}.Release|iPhoneSimulator.Deploy.0 = Release|iPhoneSimulator
		{AEB7E7AC-8733-42A8-923F-26F1387F15D6}.Debug|Any CPU.ActiveCfg = Debug|Any CPU
		{AEB7E7AC-8733-42A8-923F-26F1387F15D6}.Debug|Any CPU.Build.0 = Debug|Any CPU
		{AEB7E7AC-8733-42A8-923F-26F1387F15D6}.Debug|Any CPU.Deploy.0 = Debug|Any CPU
		{AEB7E7AC-8733-42A8-923F-26F1387F15D6}.Debug|iPhone.ActiveCfg = Debug|Any CPU
		{AEB7E7AC-8733-42A8-923F-26F1387F15D6}.Debug|iPhone.Build.0 = Debug|Any CPU
		{AEB7E7AC-8733-42A8-923F-26F1387F15D6}.Debug|iPhone.Deploy.0 = Debug|Any CPU
		{AEB7E7AC-8733-42A8-923F-26F1387F15D6}.Debug|iPhoneSimulator.ActiveCfg = Debug|Any CPU
		{AEB7E7AC-8733-42A8-923F-26F1387F15D6}.Debug|iPhoneSimulator.Build.0 = Debug|Any CPU
		{AEB7E7AC-8733-42A8-923F-26F1387F15D6}.Debug|iPhoneSimulator.Deploy.0 = Debug|Any CPU
		{AEB7E7AC-8733-42A8-923F-26F1387F15D6}.Release|Any CPU.ActiveCfg = Release|Any CPU
		{AEB7E7AC-8733-42A8-923F-26F1387F15D6}.Release|Any CPU.Build.0 = Release|Any CPU
		{AEB7E7AC-8733-42A8-923F-26F1387F15D6}.Release|Any CPU.Deploy.0 = Release|Any CPU
		{AEB7E7AC-8733-42A8-923F-26F1387F15D6}.Release|iPhone.ActiveCfg = Release|Any CPU
		{AEB7E7AC-8733-42A8-923F-26F1387F15D6}.Release|iPhone.Build.0 = Release|Any CPU
		{AEB7E7AC-8733-42A8-923F-26F1387F15D6}.Release|iPhone.Deploy.0 = Release|Any CPU
		{AEB7E7AC-8733-42A8-923F-26F1387F15D6}.Release|iPhoneSimulator.ActiveCfg = Release|Any CPU
		{AEB7E7AC-8733-42A8-923F-26F1387F15D6}.Release|iPhoneSimulator.Build.0 = Release|Any CPU
		{AEB7E7AC-8733-42A8-923F-26F1387F15D6}.Release|iPhoneSimulator.Deploy.0 = Release|Any CPU
	EndGlobalSection
	GlobalSection(SolutionProperties) = preSolution
		HideSolutionNode = FALSE
	EndGlobalSection
	GlobalSection(ExtensibilityGlobals) = postSolution
		SolutionGuid = {075EDF57-DD1A-4B45-853D-CAEAAA3F9933}
	EndGlobalSection
EndGlobal
